{
  "requires": true,
  "lockfileVersion": 1,
  "dependencies": {
    "@babel/runtime": {
      "version": "7.12.1",
      "resolved": "https://registry.npm.taobao.org/@babel/runtime/download/@babel/runtime-7.12.1.tgz?cache=0&sync_timestamp=1602800379413&other_urls=https%3A%2F%2Fregistry.npm.taobao.org%2F%40babel%2Fruntime%2Fdownload%2F%40babel%2Fruntime-7.12.1.tgz",
      "integrity": "sha1-tBFqa2cR0BCy2tO3tuQ78bmVR0A=",
      "requires": {
        "regenerator-runtime": "^0.13.4"
      }
    },
    "@vant/icons": {
      "version": "1.3.0",
      "resolved": "https://registry.npm.taobao.org/@vant/icons/download/@vant/icons-1.3.0.tgz?cache=0&sync_timestamp=1602683014590&other_urls=https%3A%2F%2Fregistry.npm.taobao.org%2F%40vant%2Ficons%2Fdownload%2F%40vant%2Ficons-1.3.0.tgz",
      "integrity": "sha1-lPTJMSL9czHg4A31WAR3murYycI="
    },
    "@vant/use": {
      "version": "0.0.3",
      "resolved": "https://registry.npm.taobao.org/@vant/use/download/@vant/use-0.0.3.tgz",
      "integrity": "sha1-4wQ4MCBjREQqItMC1VbC42tJLrU="
    },
    "regenerator-runtime": {
      "version": "0.13.7",
      "resolved": "https://registry.npm.taobao.org/regenerator-runtime/download/regenerator-runtime-0.13.7.tgz",
      "integrity": "sha1-ysLazIoepnX+qrrriugziYrkb1U="
    },
    "vant": {
      "version": "3.0.0-beta.3",
      "resolved": "https://registry.npm.taobao.org/vant/download/vant-3.0.0-beta.3.tgz",
      "integrity": "sha1-uGD6BdYTkEsAoNe/APX/afR7Tj4=",
      "requires": {
        "@babel/runtime": "7.x",
        "@vant/icons": "1.3.0",
        "@vant/use": "^0.0.3",
        "vue-lazyload": "1.2.3"
      }
    },
    "vue-lazyload": {
      "version": "1.2.3",
      "resolved": "https://registry.npm.taobao.org/vue-lazyload/download/vue-lazyload-1.2.3.tgz",
      "integrity": "sha1-kB+ewVx+bKeHgaK65KNDaGve2yw="
    }
  }
}
